
Microsoft Visual Studio Solution File, Format Version 12.00
# Visual Studio Version 17
VisualStudioVersion = 17.5.002.0
MinimumVisualStudioVersion = 10.0.40219.1
Project("{9A19103F-16F7-4668-BE54-9A1E7A4F7556}") = "Api", "api\Api.csproj", "{0FF5AE9D-40DF-4B89-BEED-490CDA1E45EB}"
EndProject
Global
	GlobalSection(SolutionConfigurationPlatforms) = preSolution
		Debug|Any CPU = Debug|Any CPU
		Release|Any CPU = Release|Any CPU
	EndGlobalSection
	GlobalSection(ProjectConfigurationPlatforms) = postSolution
		{0FF5AE9D-40DF-4B89-BEED-490CDA1E45EB}.Debug|Any CPU.ActiveCfg = Debug|Any CPU
		{0FF5AE9D-40DF-4B89-BEED-490CDA1E45EB}.Debug|Any CPU.Build.0 = Debug|Any CPU
		{0FF5AE9D-40DF-4B89-BEED-490CDA1E45EB}.Release|Any CPU.ActiveCfg = Release|Any CPU
		{0FF5AE9D-40DF-4B89-BEED-490CDA1E45EB}.Release|Any CPU.Build.0 = Release|Any CPU
	EndGlobalSection
	GlobalSection(SolutionProperties) = preSolution
		HideSolutionNode = FALSE
	EndGlobalSection
	GlobalSection(ExtensibilityGlobals) = postSolution
		SolutionGuid = {BFC165F9-0D49-4FBA-946B-DCA2A2A84CCF}
	EndGlobalSection
EndGlobal
